// !$*UTF8*$!
{
	archiveVersion = 1;
	classes = {
	};
	objectVersion = 48;
	objects = {

/* Begin PBXBuildFile section */
		49072BC8200E404700B6EC22 /* main.m in Sources */ = {isa = PBXBuildFile; fileRef = 49072BC7200E404700B6EC22 /* main.m */; };
		49072BE7200E4FBE00B6EC22 /* BasicReview.m in Sources */ = {isa = PBXBuildFile; fileRef = 49072BE6200E4FBE00B6EC22 /* BasicReview.m */; };
/* End PBXBuildFile section */

/* Begin PBXCopyFilesBuildPhase section */
		49072BC2200E404700B6EC22 /* CopyFiles */ = {
			isa = PBXCopyFilesBuildPhase;
			buildActionMask = 2147483647;
			dstPath = /usr/share/man/man1/;
			dstSubfolderSpec = 0;
			files = (
			);
			runOnlyForDeploymentPostprocessing = 1;
		};
/* End PBXCopyFilesBuildPhase section */

/* Begin PBXFileReference section */
		49072BC4200E404700B6EC22 /* Learning-ObjC */ = {isa = PBXFileReference; explicitFileType = "compiled.mach-o.executable"; includeInIndex = 0; path = "Learning-ObjC"; sourceTree = BUILT_PRODUCTS_DIR; };
		49072BC7200E404700B6EC22 /* main.m */ = {isa = PBXFileReference; lastKnownFileType = sourcecode.c.objc; path = main.m; sourceTree = "<group>"; };
		49072BE6200E4FBE00B6EC22 /* BasicReview.m */ = {isa = PBXFileReference; lastKnownFileType = sourcecode.c.objc; path = BasicReview.m; sourceTree = "<group>"; };
/* End PBXFileReference section */

/* Begin PBXFrameworksBuildPhase section */
		49072BC1200E404700B6EC22 /* Frameworks */ = {
			isa = PBXFrameworksBuildPhase;
			buildActionMask = 2147483647;
			files = (
			);
			runOnlyForDeploymentPostprocessing = 0;
		};
/* End PBXFrameworksBuildPhase section */

/* Begin PBXGroup section */
		49072BBB200E404700B6EC22 = {
			isa = PBXGroup;
			children = (
				49072BC6200E404700B6EC22 /* Learning-ObjC */,
				49072BC5200E404700B6EC22 /* Products */,
			);
			sourceTree = "<group>";
		};
		49072BC5200E404700B6EC22 /* Products */ = {
			isa = PBXGroup;
			children = (
				49072BC4200E404700B6EC22 /* Learning-ObjC */,
			);
			name = Products;
			sourceTree = "<group>";
		};
		49072BC6200E404700B6EC22 /* Learning-ObjC */ = {
			isa = PBXGroup;
			children = (
				49072BC7200E404700B6EC22 /* main.m */,
				49072BCE200E4EFA00B6EC22 /* Basic Review */,
			);
			path = "Learning-ObjC";
			sourceTree = "<group>";
		};
		49072BCE200E4EFA00B6EC22 /* Basic Review */ = {
			isa = PBXGroup;
			children = (
				49072BE6200E4FBE00B6EC22 /* BasicReview.m */,
				49072BCF200E4EFA00B6EC22 /* S2 */,
				49072BD0200E4EFA00B6EC22 /* S3 */,
				49072BD1200E4EFA00B6EC22 /* S4 */,
				49072BD2200E4EFA00B6EC22 /* S5 */,
				49072BD3200E4EFA00B6EC22 /* S6 */,
				49072BD4200E4EFA00B6EC22 /* S7 */,
				49072BD5200E4EFA00B6EC22 /* S8 */,
				49072BD6200E4EFA00B6EC22 /* S9 */,
				49072BD7200E4EFA00B6EC22 /* S10 */,
				49072BD8200E4EFA00B6EC22 /* S11 */,
				49072BD9200E4EFA00B6EC22 /* S12 */,
				49072BDA200E4EFA00B6EC22 /* S13 */,
				49072BDB200E4EFA00B6EC22 /* S14 */,
				49072BDC200E4EFA00B6EC22 /* S15 */,
				49072BDD200E4EFA00B6EC22 /* S16 */,
				49072BDE200E4EFA00B6EC22 /* S17 */,
				49072BDF200E4EFA00B6EC22 /* S18 */,
				49072BE0200E4EFA00B6EC22 /* S19 */,
				49072BE1200E4EFA00B6EC22 /* S20 */,
			);
			path = "Basic Review";
			sourceTree = "<group>";
		};
		49072BCF200E4EFA00B6EC22 /* S2 */ = {
			isa = PBXGroup;
			children = (
			);
			path = S2;
			sourceTree = "<group>";
		};
		49072BD0200E4EFA00B6EC22 /* S3 */ = {
			isa = PBXGroup;
			children = (
			);
			path = S3;
			sourceTree = "<group>";
		};
		49072BD1200E4EFA00B6EC22 /* S4 */ = {
			isa = PBXGroup;
			children = (
			);
			path = S4;
			sourceTree = "<group>";
		};
		49072BD2200E4EFA00B6EC22 /* S5 */ = {
			isa = PBXGroup;
			children = (
			);
			path = S5;
			sourceTree = "<group>";
		};
		49072BD3200E4EFA00B6EC22 /* S6 */ = {
			isa = PBXGroup;
			children = (
			);
			path = S6;
			sourceTree = "<group>";
		};
		49072BD4200E4EFA00B6EC22 /* S7 */ = {
			isa = PBXGroup;
			children = (
			);
			path = S7;
			sourceTree = "<group>";
		};
		49072BD5200E4EFA00B6EC22 /* S8 */ = {
			isa = PBXGroup;
			children = (
			);
			path = S8;
			sourceTree = "<group>";
		};
		49072BD6200E4EFA00B6EC22 /* S9 */ = {
			isa = PBXGroup;
			children = (
			);
			path = S9;
			sourceTree = "<group>";
		};
		49072BD7200E4EFA00B6EC22 /* S10 */ = {
			isa = PBXGroup;
			children = (
			);
			path = S10;
			sourceTree = "<group>";
		};
		49072BD8200E4EFA00B6EC22 /* S11 */ = {
			isa = PBXGroup;
			children = (
			);
			path = S11;
			sourceTree = "<group>";
		};
		49072BD9200E4EFA00B6EC22 /* S12 */ = {
			isa = PBXGroup;
			children = (
			);
			path = S12;
			sourceTree = "<group>";
		};
		49072BDA200E4EFA00B6EC22 /* S13 */ = {
			isa = PBXGroup;
			children = (
			);
			path = S13;
			sourceTree = "<group>";
		};
		49072BDB200E4EFA00B6EC22 /* S14 */ = {
			isa = PBXGroup;
			children = (
			);
			path = S14;
			sourceTree = "<group>";
		};
		49072BDC200E4EFA00B6EC22 /* S15 */ = {
			isa = PBXGroup;
			children = (
			);
			path = S15;
			sourceTree = "<group>";
		};
		49072BDD200E4EFA00B6EC22 /* S16 */ = {
			isa = PBXGroup;
			children = (
			);
			path = S16;
			sourceTree = "<group>";
		};
		49072BDE200E4EFA00B6EC22 /* S17 */ = {
			isa = PBXGroup;
			children = (
			);
			path = S17;
			sourceTree = "<group>";
		};
		49072BDF200E4EFA00B6EC22 /* S18 */ = {
			isa = PBXGroup;
			children = (
			);
			path = S18;
			sourceTree = "<group>";
		};
		49072BE0200E4EFA00B6EC22 /* S19 */ = {
			isa = PBXGroup;
			children = (
			);
			path = S19;
			sourceTree = "<group>";
		};
		49072BE1200E4EFA00B6EC22 /* S20 */ = {
			isa = PBXGroup;
			children = (
			);
			path = S20;
			sourceTree = "<group>";
		};
/* End PBXGroup section */

/* Begin PBXNativeTarget section */
		49072BC3200E404700B6EC22 /* Learning-ObjC */ = {
			isa = PBXNativeTarget;
			buildConfigurationList = 49072BCB200E404700B6EC22 /* Build configuration list for PBXNativeTarget "Learning-ObjC" */;
			buildPhases = (
				49072BC0200E404700B6EC22 /* Sources */,
				49072BC1200E404700B6EC22 /* Frameworks */,
				49072BC2200E404700B6EC22 /* CopyFiles */,
			);
			buildRules = (
			);
			dependencies = (
			);
			name = "Learning-ObjC";
			productName = "Learning-ObjC";
			productReference = 49072BC4200E404700B6EC22 /* Learning-ObjC */;
			productType = "com.apple.product-type.tool";
		};
/* End PBXNativeTarget section */

/* Begin PBXProject section */
		49072BBC200E404700B6EC22 /* Project object */ = {
			isa = PBXProject;
			attributes = {
				LastUpgradeCheck = 0920;
				ORGANIZATIONNAME = "徐伟达";
				TargetAttributes = {
					49072BC3200E404700B6EC22 = {
						CreatedOnToolsVersion = 9.2;
						ProvisioningStyle = Automatic;
					};
				};
			};
			buildConfigurationList = 49072BBF200E404700B6EC22 /* Build configuration list for PBXProject "Learning-ObjC" */;
			compatibilityVersion = "Xcode 8.0";
			developmentRegion = en;
			hasScannedForEncodings = 0;
			knownRegions = (
				en,
			);
			mainGroup = 49072BBB200E404700B6EC22;
			productRefGroup = 49072BC5200E404700B6EC22 /* Products */;
			projectDirPath = "";
			projectRoot = "";
			targets = (
				49072BC3200E404700B6EC22 /* Learning-ObjC */,
			);
		};
/* End PBXProject section */

/* Begin PBXSourcesBuildPhase section */
		49072BC0200E404700B6EC22 /* Sources */ = {
			isa = PBXSourcesBuildPhase;
			buildActionMask = 2147483647;
			files = (
				49072BE7200E4FBE00B6EC22 /* BasicReview.m in Sources */,
				49072BC8200E404700B6EC22 /* main.m in Sources */,
			);
			runOnlyForDeploymentPostprocessing = 0;
		};
/* End PBXSourcesBuildPhase section */

/* Begin XCBuildConfiguration section */
		49072BC9200E404700B6EC22 /* Debug */ = {
			isa = XCBuildConfiguration;
			buildSettings = {
				ALWAYS_SEARCH_USER_PATHS = NO;
				CLANG_ANALYZER_NONNULL = YES;
				CLANG_ANALYZER_NUMBER_OBJECT_CONVERSION = YES_AGGRESSIVE;
				CLANG_CXX_LANGUAGE_STANDARD = "gnu++14";
				CLANG_CXX_LIBRARY = "libc++";
				CLANG_ENABLE_MODULES = YES;
				CLANG_ENABLE_OBJC_ARC = YES;
				CLANG_WARN_BLOCK_CAPTURE_AUTORELEASING = YES;
				CLANG_WARN_BOOL_CONVERSION = YES;
				CLANG_WARN_COMMA = YES;
				CLANG_WARN_CONSTANT_CONVERSION = YES;
				CLANG_WARN_DIRECT_OBJC_ISA_USAGE = YES_ERROR;
				CLANG_WARN_DOCUMENTATION_COMMENTS = YES;
				CLANG_WARN_EMPTY_BODY = YES;
				CLANG_WARN_ENUM_CONVERSION = YES;
				CLANG_WARN_INFINITE_RECURSION = YES;
				CLANG_WARN_INT_CONVERSION = YES;
				CLANG_WARN_NON_LITERAL_NULL_CONVERSION = YES;
				CLANG_WARN_OBJC_LITERAL_CONVERSION = YES;
				CLANG_WARN_OBJC_ROOT_CLASS = YES_ERROR;
				CLANG_WARN_RANGE_LOOP_ANALYSIS = YES;
				CLANG_WARN_STRICT_PROTOTYPES = YES;
				CLANG_WARN_SUSPICIOUS_MOVE = YES;
				CLANG_WARN_UNGUARDED_AVAILABILITY = YES_AGGRESSIVE;
				CLANG_WARN_UNREACHABLE_CODE = YES;
				CLANG_WARN__DUPLICATE_METHOD_MATCH = YES;
				CODE_SIGN_IDENTITY = "Mac Developer";
				COPY_PHASE_STRIP = NO;
				DEBUG_INFORMATION_FORMAT = dwarf;
				ENABLE_STRICT_OBJC_MSGSEND = YES;
				ENABLE_TESTABILITY = YES;
				GCC_C_LANGUAGE_STANDARD = gnu11;
				GCC_DYNAMIC_NO_PIC = NO;
				GCC_NO_COMMON_BLOCKS = YES;
				GCC_OPTIMIZATION_LEVEL = 0;
				GCC_PREPROCESSOR_DEFINITIONS = (
					"DEBUG=1",
					"$(inherited)",
				);
				GCC_WARN_64_TO_32_BIT_CONVERSION = YES;
				GCC_WARN_ABOUT_RETURN_TYPE = YES_ERROR;
				GCC_WARN_UNDECLARED_SELECTOR = YES;
				GCC_WARN_UNINITIALIZED_AUTOS = YES_AGGRESSIVE;
				GCC_WARN_UNUSED_FUNCTION = YES;
				GCC_WARN_UNUSED_VARIABLE = YES;
				MACOSX_DEPLOYMENT_TARGET = 10.13;
				MTL_ENABLE_DEBUG_INFO = YES;
				ONLY_ACTIVE_ARCH = YES;
				SDKROOT = macosx;
			};
			name = Debug;
		};
		49072BCA200E404700B6EC22 /* Release */ = {
			isa = XCBuildConfiguration;
			buildSettings = {
				ALWAYS_SEARCH_USER_PATHS = NO;
				CLANG_ANALYZER_NONNULL = YES;
				CLANG_ANALYZER_NUMBER_OBJECT_CONVERSION = YES_AGGRESSIVE;
				CLANG_CXX_LANGUAGE_STANDARD = "gnu++14";
				CLANG_CXX_LIBRARY = "libc++";
				CLANG_ENABLE_MODULES = YES;
				CLANG_ENABLE_OBJC_ARC = YES;
				CLANG_WARN_BLOCK_CAPTURE_AUTORELEASING = YES;
				CLANG_WARN_BOOL_CONVERSION = YES;
				CLANG_WARN_COMMA = YES;
				CLANG_WARN_CONSTANT_CONVERSION = YES;
				CLANG_WARN_DIRECT_OBJC_ISA_USAGE = YES_ERROR;
				CLANG_WARN_DOCUMENTATION_COMMENTS = YES;
				CLANG_WARN_EMPTY_BODY = YES;
				CLANG_WARN_ENUM_CONVERSION = YES;
				CLANG_WARN_INFINITE_RECURSION = YES;
				CLANG_WARN_INT_CONVERSION = YES;
				CLANG_WARN_NON_LITERAL_NULL_CONVERSION = YES;
				CLANG_WARN_OBJC_LITERAL_CONVERSION = YES;
				CLANG_WARN_OBJC_ROOT_CLASS = YES_ERROR;
				CLANG_WARN_RANGE_LOOP_ANALYSIS = YES;
				CLANG_WARN_STRICT_PROTOTYPES = YES;
				CLANG_WARN_SUSPICIOUS_MOVE = YES;
				CLANG_WARN_UNGUARDED_AVAILABILITY = YES_AGGRESSIVE;
				CLANG_WARN_UNREACHABLE_CODE = YES;
				CLANG_WARN__DUPLICATE_METHOD_MATCH = YES;
				CODE_SIGN_IDENTITY = "Mac Developer";
				COPY_PHASE_STRIP = NO;
				DEBUG_INFORMATION_FORMAT = "dwarf-with-dsym";
				ENABLE_NS_ASSERTIONS = NO;
				ENABLE_STRICT_OBJC_MSGSEND = YES;
				GCC_C_LANGUAGE_STANDARD = gnu11;
				GCC_NO_COMMON_BLOCKS = YES;
				GCC_WARN_64_TO_32_BIT_CONVERSION = YES;
				GCC_WARN_ABOUT_RETURN_TYPE = YES_ERROR;
				GCC_WARN_UNDECLARED_SELECTOR = YES;
				GCC_WARN_UNINITIALIZED_AUTOS = YES_AGGRESSIVE;
				GCC_WARN_UNUSED_FUNCTION = YES;
				GCC_WARN_UNUSED_VARIABLE = YES;
				MACOSX_DEPLOYMENT_TARGET = 10.13;
				MTL_ENABLE_DEBUG_INFO = NO;
				SDKROOT = macosx;
			};
			name = Release;
		};
		49072BCC200E404700B6EC22 /* Debug */ = {
			isa = XCBuildConfiguration;
			buildSettings = {
				CODE_SIGN_STYLE = Automatic;
				DEVELOPMENT_TEAM = LG37524TU4;
				PRODUCT_NAME = "$(TARGET_NAME)";
			};
			name = Debug;
		};
		49072BCD200E404700B6EC22 /* Release */ = {
			isa = XCBuildConfiguration;
			buildSettings = {
				CODE_SIGN_STYLE = Automatic;
				DEVELOPMENT_TEAM = LG37524TU4;
				PRODUCT_NAME = "$(TARGET_NAME)";
			};
			name = Release;
		};
/* End XCBuildConfiguration section */

/* Begin XCConfigurationList section */
		49072BBF200E404700B6EC22 /* Build configuration list for PBXProject "Learning-ObjC" */ = {
			isa = XCConfigurationList;
			buildConfigurations = (
				49072BC9200E404700B6EC22 /* Debug */,
				49072BCA200E404700B6EC22 /* Release */,
			);
			defaultConfigurationIsVisible = 0;
			defaultConfigurationName = Release;
		};
		49072BCB200E404700B6EC22 /* Build configuration list for PBXNativeTarget "Learning-ObjC" */ = {
			isa = XCConfigurationList;
			buildConfigurations = (
				49072BCC200E404700B6EC22 /* Debug */,
				49072BCD200E404700B6EC22 /* Release */,
			);
			defaultConfigurationIsVisible = 0;
			defaultConfigurationName = Release;
		};
/* End XCConfigurationList section */
	};
	rootObject = 49072BBC200E404700B6EC22 /* Project object */;
}
